
Microsoft Visual Studio Solution File, Format Version 12.00
# Visual Studio 14
VisualStudioVersion = 14.0.25420.1
MinimumVisualStudioVersion = 10.0.40219.1
Project("{FAE04EC0-301F-11D3-BF4B-00C04F79EFBC}") = "O2S_QuanLyHocVien", "O2S_QuanLyHocVien\O2S_QuanLyHocVien.csproj", "{9E5CC4AD-D461-4662-8B68-082587EC4070}"
EndProject
Project("{FAE04EC0-301F-11D3-BF4B-00C04F79EFBC}") = "O2S_QuanLyHocVien.DataAccess", "O2S_QuanLyHocVien.DataAccess\O2S_QuanLyHocVien.DataAccess.csproj", "{31127F93-2CD8-4DD4-9653-BC4AE82BC8EA}"
EndProject
Project("{FAE04EC0-301F-11D3-BF4B-00C04F79EFBC}") = "O2S_QuanLyHocVien.BusinessLogic", "O2S_QuanLyHocVien.BusinessLogic\O2S_QuanLyHocVien.BusinessLogic.csproj", "{F4CC2BA6-93DB-40A9-B91B-B3EA682A4CFB}"
EndProject
Project("{FAE04EC0-301F-11D3-BF4B-00C04F79EFBC}") = "O2S_License", "O2S_License\O2S_License.csproj", "{F702A0CE-CE71-4F28-A1EA-2710D1778A43}"
EndProject
Project("{FAE04EC0-301F-11D3-BF4B-00C04F79EFBC}") = "O2S_QuanLyHocVien.Common", "O2S_QuanLyHocVien.Common\O2S_QuanLyHocVien.Common.csproj", "{6C338723-1358-4581-9D20-D14A18B5E3B8}"
EndProject
Project("{FAE04EC0-301F-11D3-BF4B-00C04F79EFBC}") = "O2S_QuanLyHocVienLauncher", "O2S_QuanLyHocVienLauncher\O2S_QuanLyHocVienLauncher.csproj", "{9803CA31-4169-407E-9720-95B8D5483A18}"
EndProject
Global
	GlobalSection(SolutionConfigurationPlatforms) = preSolution
		Debug|Any CPU = Debug|Any CPU
		Release|Any CPU = Release|Any CPU
	EndGlobalSection
	GlobalSection(ProjectConfigurationPlatforms) = postSolution
		{9E5CC4AD-D461-4662-8B68-082587EC4070}.Debug|Any CPU.ActiveCfg = Debug|Any CPU
		{9E5CC4AD-D461-4662-8B68-082587EC4070}.Debug|Any CPU.Build.0 = Debug|Any CPU
		{9E5CC4AD-D461-4662-8B68-082587EC4070}.Release|Any CPU.ActiveCfg = Release|Any CPU
		{9E5CC4AD-D461-4662-8B68-082587EC4070}.Release|Any CPU.Build.0 = Release|Any CPU
		{31127F93-2CD8-4DD4-9653-BC4AE82BC8EA}.Debug|Any CPU.ActiveCfg = Debug|Any CPU
		{31127F93-2CD8-4DD4-9653-BC4AE82BC8EA}.Debug|Any CPU.Build.0 = Debug|Any CPU
		{31127F93-2CD8-4DD4-9653-BC4AE82BC8EA}.Release|Any CPU.ActiveCfg = Release|Any CPU
		{31127F93-2CD8-4DD4-9653-BC4AE82BC8EA}.Release|Any CPU.Build.0 = Release|Any CPU
		{F4CC2BA6-93DB-40A9-B91B-B3EA682A4CFB}.Debug|Any CPU.ActiveCfg = Debug|Any CPU
		{F4CC2BA6-93DB-40A9-B91B-B3EA682A4CFB}.Debug|Any CPU.Build.0 = Debug|Any CPU
		{F4CC2BA6-93DB-40A9-B91B-B3EA682A4CFB}.Release|Any CPU.ActiveCfg = Release|Any CPU
		{F4CC2BA6-93DB-40A9-B91B-B3EA682A4CFB}.Release|Any CPU.Build.0 = Release|Any CPU
		{F702A0CE-CE71-4F28-A1EA-2710D1778A43}.Debug|Any CPU.ActiveCfg = Debug|Any CPU
		{F702A0CE-CE71-4F28-A1EA-2710D1778A43}.Debug|Any CPU.Build.0 = Debug|Any CPU
		{F702A0CE-CE71-4F28-A1EA-2710D1778A43}.Release|Any CPU.ActiveCfg = Release|Any CPU
		{F702A0CE-CE71-4F28-A1EA-2710D1778A43}.Release|Any CPU.Build.0 = Release|Any CPU
		{6C338723-1358-4581-9D20-D14A18B5E3B8}.Debug|Any CPU.ActiveCfg = Debug|Any CPU
		{6C338723-1358-4581-9D20-D14A18B5E3B8}.Debug|Any CPU.Build.0 = Debug|Any CPU
		{6C338723-1358-4581-9D20-D14A18B5E3B8}.Release|Any CPU.ActiveCfg = Release|Any CPU
		{6C338723-1358-4581-9D20-D14A18B5E3B8}.Release|Any CPU.Build.0 = Release|Any CPU
		{9803CA31-4169-407E-9720-95B8D5483A18}.Debug|Any CPU.ActiveCfg = Debug|Any CPU
		{9803CA31-4169-407E-9720-95B8D5483A18}.Debug|Any CPU.Build.0 = Debug|Any CPU
		{9803CA31-4169-407E-9720-95B8D5483A18}.Release|Any CPU.ActiveCfg = Release|Any CPU
		{9803CA31-4169-407E-9720-95B8D5483A18}.Release|Any CPU.Build.0 = Release|Any CPU
	EndGlobalSection
	GlobalSection(SolutionProperties) = preSolution
		HideSolutionNode = FALSE
	EndGlobalSection
EndGlobal
